
Microsoft Visual Studio Solution File, Format Version 12.00
# Visual Studio 15
VisualStudioVersion = 15.0.27703.2047
MinimumVisualStudioVersion = 10.0.40219.1
Project("{FAE04EC0-301F-11D3-BF4B-00C04F79EFBC}") = "AzureDemoApp", "AzureDemoApp\AzureDemoApp.csproj", "{11243238-4654-4397-A91D-7E5B21C6BC97}"
EndProject
Global
	GlobalSection(SolutionConfigurationPlatforms) = preSolution
		Debug|Any CPU = Debug|Any CPU
		Release|Any CPU = Release|Any CPU
	EndGlobalSection
	GlobalSection(ProjectConfigurationPlatforms) = postSolution
		{11243238-4654-4397-A91D-7E5B21C6BC97}.Debug|Any CPU.ActiveCfg = Debug|Any CPU
		{11243238-4654-4397-A91D-7E5B21C6BC97}.Debug|Any CPU.Build.0 = Debug|Any CPU
		{11243238-4654-4397-A91D-7E5B21C6BC97}.Release|Any CPU.ActiveCfg = Release|Any CPU
		{11243238-4654-4397-A91D-7E5B21C6BC97}.Release|Any CPU.Build.0 = Release|Any CPU
	EndGlobalSection
	GlobalSection(SolutionProperties) = preSolution
		HideSolutionNode = FALSE
	EndGlobalSection
	GlobalSection(ExtensibilityGlobals) = postSolution
		SolutionGuid = {694B749D-8DC2-4ADC-9C00-0E64AF185F75}
	EndGlobalSection
EndGlobal
